
Microsoft Visual Studio Solution File, Format Version 12.00
# Visual Studio Version 17
VisualStudioVersion = 17.13.35818.85
MinimumVisualStudioVersion = 10.0.40219.1
Project("{FAE04EC0-301F-11D3-BF4B-00C04F79EFBC}") = "MileHighWpf.MvvmModelMessaging", "MileHighWpf.MvvmModelMessaging.csproj", "{8EDD28D7-60B6-4FCF-911B-933967A1D8D1}"
EndProject
Project("{FAE04EC0-301F-11D3-BF4B-00C04F79EFBC}") = "MileHighWpf.MvvmModelMessagingDemo", "..\MileHighWpf.MvvmModelMessagingDemo\MileHighWpf.MvvmModelMessagingDemo.csproj", "{78303D8F-DCD4-4A8A-A62B-41FB79BE6D9C}"
EndProject
Global
	GlobalSection(SolutionConfigurationPlatforms) = preSolution
		Debug|Any CPU = Debug|Any CPU
		Release|Any CPU = Release|Any CPU
	EndGlobalSection
	GlobalSection(ProjectConfigurationPlatforms) = postSolution
		{8EDD28D7-60B6-4FCF-911B-933967A1D8D1}.Debug|Any CPU.ActiveCfg = Debug|Any CPU
		{8EDD28D7-60B6-4FCF-911B-933967A1D8D1}.Debug|Any CPU.Build.0 = Debug|Any CPU
		{8EDD28D7-60B6-4FCF-911B-933967A1D8D1}.Release|Any CPU.ActiveCfg = Release|Any CPU
		{8EDD28D7-60B6-4FCF-911B-933967A1D8D1}.Release|Any CPU.Build.0 = Release|Any CPU
		{78303D8F-DCD4-4A8A-A62B-41FB79BE6D9C}.Debug|Any CPU.ActiveCfg = Debug|Any CPU
		{78303D8F-DCD4-4A8A-A62B-41FB79BE6D9C}.Debug|Any CPU.Build.0 = Debug|Any CPU
		{78303D8F-DCD4-4A8A-A62B-41FB79BE6D9C}.Release|Any CPU.ActiveCfg = Release|Any CPU
		{78303D8F-DCD4-4A8A-A62B-41FB79BE6D9C}.Release|Any CPU.Build.0 = Release|Any CPU
	EndGlobalSection
	GlobalSection(SolutionProperties) = preSolution
		HideSolutionNode = FALSE
	EndGlobalSection
	GlobalSection(ExtensibilityGlobals) = postSolution
		SolutionGuid = {B2EC1C6D-FF39-40BB-AAD1-FA45C1F1BF5A}
	EndGlobalSection
EndGlobal
